
Microsoft Visual Studio Solution File, Format Version 11.00
# Visual Studio 2010
Project("{FAE04EC0-301F-11D3-BF4B-00C04F79EFBC}") = "Project01", "Assembly-CSharp-firstpass.csproj", "{49740CDF-B98A-1B0C-20F6-17833F0464A5}"
EndProject
Project("{FAE04EC0-301F-11D3-BF4B-00C04F79EFBC}") = "Project01", "Assembly-CSharp.csproj", "{61EAA0AF-1CB0-D69B-9868-74C91AA686D0}"
EndProject
Project("{FAE04EC0-301F-11D3-BF4B-00C04F79EFBC}") = "Project01", "Assembly-CSharp-Editor-firstpass.csproj", "{FEDBB702-1DB7-FA3A-52C2-AE439865E18C}"
EndProject
Global
	GlobalSection(SolutionConfigurationPlatforms) = preSolution
		Debug|Any CPU = Debug|Any CPU
		Release|Any CPU = Release|Any CPU
	EndGlobalSection
	GlobalSection(ProjectConfigurationPlatforms) = postSolution
		{49740CDF-B98A-1B0C-20F6-17833F0464A5}.Debug|Any CPU.ActiveCfg = Debug|Any CPU
		{49740CDF-B98A-1B0C-20F6-17833F0464A5}.Debug|Any CPU.Build.0 = Debug|Any CPU
		{49740CDF-B98A-1B0C-20F6-17833F0464A5}.Release|Any CPU.ActiveCfg = Release|Any CPU
		{49740CDF-B98A-1B0C-20F6-17833F0464A5}.Release|Any CPU.Build.0 = Release|Any CPU
		{61EAA0AF-1CB0-D69B-9868-74C91AA686D0}.Debug|Any CPU.ActiveCfg = Debug|Any CPU
		{61EAA0AF-1CB0-D69B-9868-74C91AA686D0}.Debug|Any CPU.Build.0 = Debug|Any CPU
		{61EAA0AF-1CB0-D69B-9868-74C91AA686D0}.Release|Any CPU.ActiveCfg = Release|Any CPU
		{61EAA0AF-1CB0-D69B-9868-74C91AA686D0}.Release|Any CPU.Build.0 = Release|Any CPU
		{FEDBB702-1DB7-FA3A-52C2-AE439865E18C}.Debug|Any CPU.ActiveCfg = Debug|Any CPU
		{FEDBB702-1DB7-FA3A-52C2-AE439865E18C}.Debug|Any CPU.Build.0 = Debug|Any CPU
		{FEDBB702-1DB7-FA3A-52C2-AE439865E18C}.Release|Any CPU.ActiveCfg = Release|Any CPU
		{FEDBB702-1DB7-FA3A-52C2-AE439865E18C}.Release|Any CPU.Build.0 = Release|Any CPU
	EndGlobalSection
	GlobalSection(SolutionProperties) = preSolution
		HideSolutionNode = FALSE
	EndGlobalSection
	GlobalSection(MonoDevelopProperties) = preSolution
		StartupItem = Assembly-CSharp.csproj
	EndGlobalSection
EndGlobal
